# THIS IS AN AUTOGENERATED FILE. DO NOT EDIT THIS FILE DIRECTLY.
# yarn lockfile v1


luxon@^1.21.3, luxon@^1.24.1:
  version "1.24.1"
  resolved "https://registry.yarnpkg.com/luxon/-/luxon-1.24.1.tgz#a8383266131ed4eaed4b5f430f96f3695403a52a"
  integrity sha512-CgnIMKAWT0ghcuWFfCWBnWGOddM0zu6c4wZAWmD0NN7MZTnro0+833DF6tJep+xlxRPg4KtsYEHYLfTMBQKwYg==

rrule@^2.6.4:
  version "2.6.4"
  resolved "https://registry.yarnpkg.com/rrule/-/rrule-2.6.4.tgz#7f4f31fda12bc7249bb176c891109a9bc448e035"
  integrity sha512-sLdnh4lmjUqq8liFiOUXD5kWp/FcnbDLPwq5YAc/RrN6120XOPb86Ae5zxF7ttBVq8O3LxjjORMEit1baluahA==
  dependencies:
    tslib "^1.10.0"
  optionalDependencies:
    luxon "^1.21.3"

tslib@^1.10.0:
  version "1.13.0"
  resolved "https://registry.yarnpkg.com/tslib/-/tslib-1.13.0.tgz#c881e13cc7015894ed914862d276436fa9a47043"
  integrity sha512-i/6DQjL8Xf3be4K/E6Wgpekn5Qasl1usyw++dAA35Ue5orEn65VIxOA+YvNNl9HV3qv70T7CNwjODHZrLwvd1Q==
